// !$*UTF8*$!
{
	archiveVersion = 1;
	classes = {
	};
	objectVersion = 46;
	objects = {

/* Begin PBXBuildFile section */
		AD6002F019A2AFA700B2CA17 /* Foundation.framework in Frameworks */ = {isa = PBXBuildFile; fileRef = AD6002EF19A2AFA700B2CA17 /* Foundation.framework */; };
		AD6002F219A2AFA700B2CA17 /* CoreGraphics.framework in Frameworks */ = {isa = PBXBuildFile; fileRef = AD6002F119A2AFA700B2CA17 /* CoreGraphics.framework */; };
		AD6002F419A2AFA700B2CA17 /* UIKit.framework in Frameworks */ = {isa = PBXBuildFile; fileRef = AD6002F319A2AFA700B2CA17 /* UIKit.framework */; };
		AD6002FA19A2AFA700B2CA17 /* InfoPlist.strings in Resources */ = {isa = PBXBuildFile; fileRef = AD6002F819A2AFA700B2CA17 /* InfoPlist.strings */; };
		AD6002FC19A2AFA700B2CA17 /* main.m in Sources */ = {isa = PBXBuildFile; fileRef = AD6002FB19A2AFA700B2CA17 /* main.m */; };
		AD60030019A2AFA700B2CA17 /* MQAppDelegate.m in Sources */ = {isa = PBXBuildFile; fileRef = AD6002FF19A2AFA700B2CA17 /* MQAppDelegate.m */; };
		AD60030219A2AFA700B2CA17 /* Images.xcassets in Resources */ = {isa = PBXBuildFile; fileRef = AD60030119A2AFA700B2CA17 /* Images.xcassets */; };
		AD60030919A2AFA700B2CA17 /* XCTest.framework in Frameworks */ = {isa = PBXBuildFile; fileRef = AD60030819A2AFA700B2CA17 /* XCTest.framework */; };
		AD60030A19A2AFA700B2CA17 /* Foundation.framework in Frameworks */ = {isa = PBXBuildFile; fileRef = AD6002EF19A2AFA700B2CA17 /* Foundation.framework */; };
		AD60030B19A2AFA700B2CA17 /* UIKit.framework in Frameworks */ = {isa = PBXBuildFile; fileRef = AD6002F319A2AFA700B2CA17 /* UIKit.framework */; };
		AD60031319A2AFA700B2CA17 /* InfoPlist.strings in Resources */ = {isa = PBXBuildFile; fileRef = AD60031119A2AFA700B2CA17 /* InfoPlist.strings */; };
		AD60031519A2AFA700B2CA17 /* MQPasscodeControllerSampleTests.m in Sources */ = {isa = PBXBuildFile; fileRef = AD60031419A2AFA700B2CA17 /* MQPasscodeControllerSampleTests.m */; };
/* End PBXBuildFile section */

/* Begin PBXContainerItemProxy section */
		AD60030C19A2AFA700B2CA17 /* PBXContainerItemProxy */ = {
			isa = PBXContainerItemProxy;
			containerPortal = AD6002E419A2AFA700B2CA17 /* Project object */;
			proxyType = 1;
			remoteGlobalIDString = AD6002EB19A2AFA700B2CA17;
			remoteInfo = MQPasscodeControllerSample;
		};
/* End PBXContainerItemProxy section */

/* Begin PBXFileReference section */
		AD6002EC19A2AFA700B2CA17 /* MQPasscodeControllerSample.app */ = {isa = PBXFileReference; explicitFileType = wrapper.application; includeInIndex = 0; path = MQPasscodeControllerSample.app; sourceTree = BUILT_PRODUCTS_DIR; };
		AD6002EF19A2AFA700B2CA17 /* Foundation.framework */ = {isa = PBXFileReference; lastKnownFileType = wrapper.framework; name = Foundation.framework; path = System/Library/Frameworks/Foundation.framework; sourceTree = SDKROOT; };
		AD6002F119A2AFA700B2CA17 /* CoreGraphics.framework */ = {isa = PBXFileReference; lastKnownFileType = wrapper.framework; name = CoreGraphics.framework; path = System/Library/Frameworks/CoreGraphics.framework; sourceTree = SDKROOT; };
		AD6002F319A2AFA700B2CA17 /* UIKit.framework */ = {isa = PBXFileReference; lastKnownFileType = wrapper.framework; name = UIKit.framework; path = System/Library/Frameworks/UIKit.framework; sourceTree = SDKROOT; };
		AD6002F719A2AFA700B2CA17 /* MQPasscodeControllerSample-Info.plist */ = {isa = PBXFileReference; lastKnownFileType = text.plist.xml; path = "MQPasscodeControllerSample-Info.plist"; sourceTree = "<group>"; };
		AD6002F919A2AFA700B2CA17 /* en */ = {isa = PBXFileReference; lastKnownFileType = text.plist.strings; name = en; path = en.lproj/InfoPlist.strings; sourceTree = "<group>"; };
		AD6002FB19A2AFA700B2CA17 /* main.m */ = {isa = PBXFileReference; lastKnownFileType = sourcecode.c.objc; path = main.m; sourceTree = "<group>"; };
		AD6002FD19A2AFA700B2CA17 /* MQPasscodeControllerSample-Prefix.pch */ = {isa = PBXFileReference; lastKnownFileType = sourcecode.c.h; path = "MQPasscodeControllerSample-Prefix.pch"; sourceTree = "<group>"; };
		AD6002FE19A2AFA700B2CA17 /* MQAppDelegate.h */ = {isa = PBXFileReference; lastKnownFileType = sourcecode.c.h; path = MQAppDelegate.h; sourceTree = "<group>"; };
		AD6002FF19A2AFA700B2CA17 /* MQAppDelegate.m */ = {isa = PBXFileReference; lastKnownFileType = sourcecode.c.objc; path = MQAppDelegate.m; sourceTree = "<group>"; };
		AD60030119A2AFA700B2CA17 /* Images.xcassets */ = {isa = PBXFileReference; lastKnownFileType = folder.assetcatalog; path = Images.xcassets; sourceTree = "<group>"; };
		AD60030719A2AFA700B2CA17 /* MQPasscodeControllerSampleTests.xctest */ = {isa = PBXFileReference; explicitFileType = wrapper.cfbundle; includeInIndex = 0; path = MQPasscodeControllerSampleTests.xctest; sourceTree = BUILT_PRODUCTS_DIR; };
		AD60030819A2AFA700B2CA17 /* XCTest.framework */ = {isa = PBXFileReference; lastKnownFileType = wrapper.framework; name = XCTest.framework; path = Library/Frameworks/XCTest.framework; sourceTree = DEVELOPER_DIR; };
		AD60031019A2AFA700B2CA17 /* MQPasscodeControllerSampleTests-Info.plist */ = {isa = PBXFileReference; lastKnownFileType = text.plist.xml; path = "MQPasscodeControllerSampleTests-Info.plist"; sourceTree = "<group>"; };
		AD60031219A2AFA700B2CA17 /* en */ = {isa = PBXFileReference; lastKnownFileType = text.plist.strings; name = en; path = en.lproj/InfoPlist.strings; sourceTree = "<group>"; };
		AD60031419A2AFA700B2CA17 /* MQPasscodeControllerSampleTests.m */ = {isa = PBXFileReference; lastKnownFileType = sourcecode.c.objc; path = MQPasscodeControllerSampleTests.m; sourceTree = "<group>"; };
/* End PBXFileReference section */

/* Begin PBXFrameworksBuildPhase section */
		AD6002E919A2AFA700B2CA17 /* Frameworks */ = {
			isa = PBXFrameworksBuildPhase;
			buildActionMask = 2147483647;
			files = (
				AD6002F219A2AFA700B2CA17 /* CoreGraphics.framework in Frameworks */,
				AD6002F419A2AFA700B2CA17 /* UIKit.framework in Frameworks */,
				AD6002F019A2AFA700B2CA17 /* Foundation.framework in Frameworks */,
			);
			runOnlyForDeploymentPostprocessing = 0;
		};
		AD60030419A2AFA700B2CA17 /* Frameworks */ = {
			isa = PBXFrameworksBuildPhase;
			buildActionMask = 2147483647;
			files = (
				AD60030919A2AFA700B2CA17 /* XCTest.framework in Frameworks */,
				AD60030B19A2AFA700B2CA17 /* UIKit.framework in Frameworks */,
				AD60030A19A2AFA700B2CA17 /* Foundation.framework in Frameworks */,
			);
			runOnlyForDeploymentPostprocessing = 0;
		};
/* End PBXFrameworksBuildPhase section */

/* Begin PBXGroup section */
		AD6002E319A2AFA700B2CA17 = {
			isa = PBXGroup;
			children = (
				AD6002F519A2AFA700B2CA17 /* MQPasscodeControllerSample */,
				AD60030E19A2AFA700B2CA17 /* MQPasscodeControllerSampleTests */,
				AD6002EE19A2AFA700B2CA17 /* Frameworks */,
				AD6002ED19A2AFA700B2CA17 /* Products */,
			);
			sourceTree = "<group>";
		};
		AD6002ED19A2AFA700B2CA17 /* Products */ = {
			isa = PBXGroup;
			children = (
				AD6002EC19A2AFA700B2CA17 /* MQPasscodeControllerSample.app */,
				AD60030719A2AFA700B2CA17 /* MQPasscodeControllerSampleTests.xctest */,
			);
			name = Products;
			sourceTree = "<group>";
		};
		AD6002EE19A2AFA700B2CA17 /* Frameworks */ = {
			isa = PBXGroup;
			children = (
				AD6002EF19A2AFA700B2CA17 /* Foundation.framework */,
				AD6002F119A2AFA700B2CA17 /* CoreGraphics.framework */,
				AD6002F319A2AFA700B2CA17 /* UIKit.framework */,
				AD60030819A2AFA700B2CA17 /* XCTest.framework */,
			);
			name = Frameworks;
			sourceTree = "<group>";
		};
		AD6002F519A2AFA700B2CA17 /* MQPasscodeControllerSample */ = {
			isa = PBXGroup;
			children = (
				AD6002FE19A2AFA700B2CA17 /* MQAppDelegate.h */,
				AD6002FF19A2AFA700B2CA17 /* MQAppDelegate.m */,
				AD60030119A2AFA700B2CA17 /* Images.xcassets */,
				AD6002F619A2AFA700B2CA17 /* Supporting Files */,
			);
			path = MQPasscodeControllerSample;
			sourceTree = "<group>";
		};
		AD6002F619A2AFA700B2CA17 /* Supporting Files */ = {
			isa = PBXGroup;
			children = (
				AD6002F719A2AFA700B2CA17 /* MQPasscodeControllerSample-Info.plist */,
				AD6002F819A2AFA700B2CA17 /* InfoPlist.strings */,
				AD6002FB19A2AFA700B2CA17 /* main.m */,
				AD6002FD19A2AFA700B2CA17 /* MQPasscodeControllerSample-Prefix.pch */,
			);
			name = "Supporting Files";
			sourceTree = "<group>";
		};
		AD60030E19A2AFA700B2CA17 /* MQPasscodeControllerSampleTests */ = {
			isa = PBXGroup;
			children = (
				AD60031419A2AFA700B2CA17 /* MQPasscodeControllerSampleTests.m */,
				AD60030F19A2AFA700B2CA17 /* Supporting Files */,
			);
			path = MQPasscodeControllerSampleTests;
			sourceTree = "<group>";
		};
		AD60030F19A2AFA700B2CA17 /* Supporting Files */ = {
			isa = PBXGroup;
			children = (
				AD60031019A2AFA700B2CA17 /* MQPasscodeControllerSampleTests-Info.plist */,
				AD60031119A2AFA700B2CA17 /* InfoPlist.strings */,
			);
			name = "Supporting Files";
			sourceTree = "<group>";
		};
/* End PBXGroup section */

/* Begin PBXNativeTarget section */
		AD6002EB19A2AFA700B2CA17 /* MQPasscodeControllerSample */ = {
			isa = PBXNativeTarget;
			buildConfigurationList = AD60031819A2AFA700B2CA17 /* Build configuration list for PBXNativeTarget "MQPasscodeControllerSample" */;
			buildPhases = (
				AD6002E819A2AFA700B2CA17 /* Sources */,
				AD6002E919A2AFA700B2CA17 /* Frameworks */,
				AD6002EA19A2AFA700B2CA17 /* Resources */,
			);
			buildRules = (
			);
			dependencies = (
			);
			name = MQPasscodeControllerSample;
			productName = MQPasscodeControllerSample;
			productReference = AD6002EC19A2AFA700B2CA17 /* MQPasscodeControllerSample.app */;
			productType = "com.apple.product-type.application";
		};
		AD60030619A2AFA700B2CA17 /* MQPasscodeControllerSampleTests */ = {
			isa = PBXNativeTarget;
			buildConfigurationList = AD60031B19A2AFA700B2CA17 /* Build configuration list for PBXNativeTarget "MQPasscodeControllerSampleTests" */;
			buildPhases = (
				AD60030319A2AFA700B2CA17 /* Sources */,
				AD60030419A2AFA700B2CA17 /* Frameworks */,
				AD60030519A2AFA700B2CA17 /* Resources */,
			);
			buildRules = (
			);
			dependencies = (
				AD60030D19A2AFA700B2CA17 /* PBXTargetDependency */,
			);
			name = MQPasscodeControllerSampleTests;
			productName = MQPasscodeControllerSampleTests;
			productReference = AD60030719A2AFA700B2CA17 /* MQPasscodeControllerSampleTests.xctest */;
			productType = "com.apple.product-type.bundle.unit-test";
		};
/* End PBXNativeTarget section */

/* Begin PBXProject section */
		AD6002E419A2AFA700B2CA17 /* Project object */ = {
			isa = PBXProject;
			attributes = {
				CLASSPREFIX = MQ;
				LastUpgradeCheck = 0510;
				ORGANIZATIONNAME = "Marqeta, Inc.";
				TargetAttributes = {
					AD60030619A2AFA700B2CA17 = {
						TestTargetID = AD6002EB19A2AFA700B2CA17;
					};
				};
			};
			buildConfigurationList = AD6002E719A2AFA700B2CA17 /* Build configuration list for PBXProject "MQPasscodeControllerSample" */;
			compatibilityVersion = "Xcode 3.2";
			developmentRegion = English;
			hasScannedForEncodings = 0;
			knownRegions = (
				en,
			);
			mainGroup = AD6002E319A2AFA700B2CA17;
			productRefGroup = AD6002ED19A2AFA700B2CA17 /* Products */;
			projectDirPath = "";
			projectRoot = "";
			targets = (
				AD6002EB19A2AFA700B2CA17 /* MQPasscodeControllerSample */,
				AD60030619A2AFA700B2CA17 /* MQPasscodeControllerSampleTests */,
			);
		};
/* End PBXProject section */

/* Begin PBXResourcesBuildPhase section */
		AD6002EA19A2AFA700B2CA17 /* Resources */ = {
			isa = PBXResourcesBuildPhase;
			buildActionMask = 2147483647;
			files = (
				AD6002FA19A2AFA700B2CA17 /* InfoPlist.strings in Resources */,
				AD60030219A2AFA700B2CA17 /* Images.xcassets in Resources */,
			);
			runOnlyForDeploymentPostprocessing = 0;
		};
		AD60030519A2AFA700B2CA17 /* Resources */ = {
			isa = PBXResourcesBuildPhase;
			buildActionMask = 2147483647;
			files = (
				AD60031319A2AFA700B2CA17 /* InfoPlist.strings in Resources */,
			);
			runOnlyForDeploymentPostprocessing = 0;
		};
/* End PBXResourcesBuildPhase section */

/* Begin PBXSourcesBuildPhase section */
		AD6002E819A2AFA700B2CA17 /* Sources */ = {
			isa = PBXSourcesBuildPhase;
			buildActionMask = 2147483647;
			files = (
				AD60030019A2AFA700B2CA17 /* MQAppDelegate.m in Sources */,
				AD6002FC19A2AFA700B2CA17 /* main.m in Sources */,
			);
			runOnlyForDeploymentPostprocessing = 0;
		};
		AD60030319A2AFA700B2CA17 /* Sources */ = {
			isa = PBXSourcesBuildPhase;
			buildActionMask = 2147483647;
			files = (
				AD60031519A2AFA700B2CA17 /* MQPasscodeControllerSampleTests.m in Sources */,
			);
			runOnlyForDeploymentPostprocessing = 0;
		};
/* End PBXSourcesBuildPhase section */

/* Begin PBXTargetDependency section */
		AD60030D19A2AFA700B2CA17 /* PBXTargetDependency */ = {
			isa = PBXTargetDependency;
			target = AD6002EB19A2AFA700B2CA17 /* MQPasscodeControllerSample */;
			targetProxy = AD60030C19A2AFA700B2CA17 /* PBXContainerItemProxy */;
		};
/* End PBXTargetDependency section */

/* Begin PBXVariantGroup section */
		AD6002F819A2AFA700B2CA17 /* InfoPlist.strings */ = {
			isa = PBXVariantGroup;
			children = (
				AD6002F919A2AFA700B2CA17 /* en */,
			);
			name = InfoPlist.strings;
			sourceTree = "<group>";
		};
		AD60031119A2AFA700B2CA17 /* InfoPlist.strings */ = {
			isa = PBXVariantGroup;
			children = (
				AD60031219A2AFA700B2CA17 /* en */,
			);
			name = InfoPlist.strings;
			sourceTree = "<group>";
		};
/* End PBXVariantGroup section */

/* Begin XCBuildConfiguration section */
		AD60031619A2AFA700B2CA17 /* Debug */ = {
			isa = XCBuildConfiguration;
			buildSettings = {
				ALWAYS_SEARCH_USER_PATHS = NO;
				CLANG_CXX_LANGUAGE_STANDARD = "gnu++0x";
				CLANG_CXX_LIBRARY = "libc++";
				CLANG_ENABLE_MODULES = YES;
				CLANG_ENABLE_OBJC_ARC = YES;
				CLANG_WARN_BOOL_CONVERSION = YES;
				CLANG_WARN_CONSTANT_CONVERSION = YES;
				CLANG_WARN_DIRECT_OBJC_ISA_USAGE = YES_ERROR;
				CLANG_WARN_EMPTY_BODY = YES;
				CLANG_WARN_ENUM_CONVERSION = YES;
				CLANG_WARN_INT_CONVERSION = YES;
				CLANG_WARN_OBJC_ROOT_CLASS = YES_ERROR;
				CLANG_WARN__DUPLICATE_METHOD_MATCH = YES;
				"CODE_SIGN_IDENTITY[sdk=iphoneos*]" = "iPhone Developer";
				COPY_PHASE_STRIP = NO;
				GCC_C_LANGUAGE_STANDARD = gnu99;
				GCC_DYNAMIC_NO_PIC = NO;
				GCC_OPTIMIZATION_LEVEL = 0;
				GCC_PREPROCESSOR_DEFINITIONS = (
					"DEBUG=1",
					"$(inherited)",
				);
				GCC_SYMBOLS_PRIVATE_EXTERN = NO;
				GCC_WARN_64_TO_32_BIT_CONVERSION = YES;
				GCC_WARN_ABOUT_RETURN_TYPE = YES_ERROR;
				GCC_WARN_UNDECLARED_SELECTOR = YES;
				GCC_WARN_UNINITIALIZED_AUTOS = YES_AGGRESSIVE;
				GCC_WARN_UNUSED_FUNCTION = YES;
				GCC_WARN_UNUSED_VARIABLE = YES;
				IPHONEOS_DEPLOYMENT_TARGET = 7.1;
				ONLY_ACTIVE_ARCH = YES;
				SDKROOT = iphoneos;
				TARGETED_DEVICE_FAMILY = "1,2";
			};
			name = Debug;
		};
		AD60031719A2AFA700B2CA17 /* Release */ = {
			isa = XCBuildConfiguration;
			buildSettings = {
				ALWAYS_SEARCH_USER_PATHS = NO;
				CLANG_CXX_LANGUAGE_STANDARD = "gnu++0x";
				CLANG_CXX_LIBRARY = "libc++";
				CLANG_ENABLE_MODULES = YES;
				CLANG_ENABLE_OBJC_ARC = YES;
				CLANG_WARN_BOOL_CONVERSION = YES;
				CLANG_WARN_CONSTANT_CONVERSION = YES;
				CLANG_WARN_DIRECT_OBJC_ISA_USAGE = YES_ERROR;
				CLANG_WARN_EMPTY_BODY = YES;
				CLANG_WARN_ENUM_CONVERSION = YES;
				CLANG_WARN_INT_CONVERSION = YES;
				CLANG_WARN_OBJC_ROOT_CLASS = YES_ERROR;
				CLANG_WARN__DUPLICATE_METHOD_MATCH = YES;
				"CODE_SIGN_IDENTITY[sdk=iphoneos*]" = "iPhone Developer";
				COPY_PHASE_STRIP = YES;
				ENABLE_NS_ASSERTIONS = NO;
				GCC_C_LANGUAGE_STANDARD = gnu99;
				GCC_WARN_64_TO_32_BIT_CONVERSION = YES;
				GCC_WARN_ABOUT_RETURN_TYPE = YES_ERROR;
				GCC_WARN_UNDECLARED_SELECTOR = YES;
				GCC_WARN_UNINITIALIZED_AUTOS = YES_AGGRESSIVE;
				GCC_WARN_UNUSED_FUNCTION = YES;
				GCC_WARN_UNUSED_VARIABLE = YES;
				IPHONEOS_DEPLOYMENT_TARGET = 7.1;
				SDKROOT = iphoneos;
				TARGETED_DEVICE_FAMILY = "1,2";
				VALIDATE_PRODUCT = YES;
			};
			name = Release;
		};
		AD60031919A2AFA700B2CA17 /* Debug */ = {
			isa = XCBuildConfiguration;
			buildSettings = {
				ASSETCATALOG_COMPILER_APPICON_NAME = AppIcon;
				ASSETCATALOG_COMPILER_LAUNCHIMAGE_NAME = LaunchImage;
				GCC_PRECOMPILE_PREFIX_HEADER = YES;
				GCC_PREFIX_HEADER = "MQPasscodeControllerSample/MQPasscodeControllerSample-Prefix.pch";
				INFOPLIST_FILE = "MQPasscodeControllerSample/MQPasscodeControllerSample-Info.plist";
				PRODUCT_NAME = "$(TARGET_NAME)";
				WRAPPER_EXTENSION = app;
			};
			name = Debug;
		};
		AD60031A19A2AFA700B2CA17 /* Release */ = {
			isa = XCBuildConfiguration;
			buildSettings = {
				ASSETCATALOG_COMPILER_APPICON_NAME = AppIcon;
				ASSETCATALOG_COMPILER_LAUNCHIMAGE_NAME = LaunchImage;
				GCC_PRECOMPILE_PREFIX_HEADER = YES;
				GCC_PREFIX_HEADER = "MQPasscodeControllerSample/MQPasscodeControllerSample-Prefix.pch";
				INFOPLIST_FILE = "MQPasscodeControllerSample/MQPasscodeControllerSample-Info.plist";
				PRODUCT_NAME = "$(TARGET_NAME)";
				WRAPPER_EXTENSION = app;
			};
			name = Release;
		};
		AD60031C19A2AFA700B2CA17 /* Debug */ = {
			isa = XCBuildConfiguration;
			buildSettings = {
				BUNDLE_LOADER = "$(BUILT_PRODUCTS_DIR)/MQPasscodeControllerSample.app/MQPasscodeControllerSample";
				FRAMEWORK_SEARCH_PATHS = (
					"$(SDKROOT)/Developer/Library/Frameworks",
					"$(inherited)",
					"$(DEVELOPER_FRAMEWORKS_DIR)",
				);
				GCC_PRECOMPILE_PREFIX_HEADER = YES;
				GCC_PREFIX_HEADER = "MQPasscodeControllerSample/MQPasscodeControllerSample-Prefix.pch";
				GCC_PREPROCESSOR_DEFINITIONS = (
					"DEBUG=1",
					"$(inherited)",
				);
				INFOPLIST_FILE = "MQPasscodeControllerSampleTests/MQPasscodeControllerSampleTests-Info.plist";
				PRODUCT_NAME = "$(TARGET_NAME)";
				TEST_HOST = "$(BUNDLE_LOADER)";
				WRAPPER_EXTENSION = xctest;
			};
			name = Debug;
		};
		AD60031D19A2AFA700B2CA17 /* Release */ = {
			isa = XCBuildConfiguration;
			buildSettings = {
				BUNDLE_LOADER = "$(BUILT_PRODUCTS_DIR)/MQPasscodeControllerSample.app/MQPasscodeControllerSample";
				FRAMEWORK_SEARCH_PATHS = (
					"$(SDKROOT)/Developer/Library/Frameworks",
					"$(inherited)",
					"$(DEVELOPER_FRAMEWORKS_DIR)",
				);
				GCC_PRECOMPILE_PREFIX_HEADER = YES;
				GCC_PREFIX_HEADER = "MQPasscodeControllerSample/MQPasscodeControllerSample-Prefix.pch";
				INFOPLIST_FILE = "MQPasscodeControllerSampleTests/MQPasscodeControllerSampleTests-Info.plist";
				PRODUCT_NAME = "$(TARGET_NAME)";
				TEST_HOST = "$(BUNDLE_LOADER)";
				WRAPPER_EXTENSION = xctest;
			};
			name = Release;
		};
/* End XCBuildConfiguration section */

/* Begin XCConfigurationList section */
		AD6002E719A2AFA700B2CA17 /* Build configuration list for PBXProject "MQPasscodeControllerSample" */ = {
			isa = XCConfigurationList;
			buildConfigurations = (
				AD60031619A2AFA700B2CA17 /* Debug */,
				AD60031719A2AFA700B2CA17 /* Release */,
			);
			defaultConfigurationIsVisible = 0;
			defaultConfigurationName = Release;
		};
		AD60031819A2AFA700B2CA17 /* Build configuration list for PBXNativeTarget "MQPasscodeControllerSample" */ = {
			isa = XCConfigurationList;
			buildConfigurations = (
				AD60031919A2AFA700B2CA17 /* Debug */,
				AD60031A19A2AFA700B2CA17 /* Release */,
			);
			defaultConfigurationIsVisible = 0;
			defaultConfigurationName = Release;
		};
		AD60031B19A2AFA700B2CA17 /* Build configuration list for PBXNativeTarget "MQPasscodeControllerSampleTests" */ = {
			isa = XCConfigurationList;
			buildConfigurations = (
				AD60031C19A2AFA700B2CA17 /* Debug */,
				AD60031D19A2AFA700B2CA17 /* Release */,
			);
			defaultConfigurationIsVisible = 0;
			defaultConfigurationName = Release;
		};
/* End XCConfigurationList section */
	};
	rootObject = AD6002E419A2AFA700B2CA17 /* Project object */;
}
